// !$*UTF8*$!
{
	archiveVersion = 1;
	classes = {
	};
	objectVersion = 46;
	objects = {

/* Begin PBXBuildFile section */
		04519FE61A365BD80066D9E1 /* ArrayList.cpp in Sources */ = {isa = PBXBuildFile; fileRef = 04519FD81A365BD80066D9E1 /* ArrayList.cpp */; };
		04519FE71A365BD80066D9E1 /* Candy.cpp in Sources */ = {isa = PBXBuildFile; fileRef = 04519FDA1A365BD80066D9E1 /* Candy.cpp */; };
		04519FE81A365BD80066D9E1 /* CandyShop.cpp in Sources */ = {isa = PBXBuildFile; fileRef = 04519FDC1A365BD80066D9E1 /* CandyShop.cpp */; };
		04519FE91A365BD80066D9E1 /* main.cpp in Sources */ = {isa = PBXBuildFile; fileRef = 04519FDF1A365BD80066D9E1 /* main.cpp */; };
		04519FEA1A365BD80066D9E1 /* Node.cpp in Sources */ = {isa = PBXBuildFile; fileRef = 04519FE01A365BD80066D9E1 /* Node.cpp */; };
		04519FEB1A365BD80066D9E1 /* Queue.cpp in Sources */ = {isa = PBXBuildFile; fileRef = 04519FE41A365BD80066D9E1 /* Queue.cpp */; };
/* End PBXBuildFile section */

/* Begin PBXCopyFilesBuildPhase section */
		044769191A36562E0036C95A /* CopyFiles */ = {
			isa = PBXCopyFilesBuildPhase;
			buildActionMask = 2147483647;
			dstPath = /usr/share/man/man1/;
			dstSubfolderSpec = 0;
			files = (
			);
			runOnlyForDeploymentPostprocessing = 1;
		};
/* End PBXCopyFilesBuildPhase section */

/* Begin PBXFileReference section */
		0447691B1A36562E0036C95A /* candyShopFinal */ = {isa = PBXFileReference; explicitFileType = "compiled.mach-o.executable"; includeInIndex = 0; path = candyShopFinal; sourceTree = BUILT_PRODUCTS_DIR; };
		04519FD81A365BD80066D9E1 /* ArrayList.cpp */ = {isa = PBXFileReference; fileEncoding = 4; lastKnownFileType = sourcecode.cpp.cpp; name = ArrayList.cpp; path = CandyShop/ArrayList.cpp; sourceTree = SOURCE_ROOT; };
		04519FD91A365BD80066D9E1 /* ArrayList.h */ = {isa = PBXFileReference; fileEncoding = 4; lastKnownFileType = sourcecode.c.h; name = ArrayList.h; path = CandyShop/ArrayList.h; sourceTree = SOURCE_ROOT; };
		04519FDA1A365BD80066D9E1 /* Candy.cpp */ = {isa = PBXFileReference; fileEncoding = 4; lastKnownFileType = sourcecode.cpp.cpp; name = Candy.cpp; path = CandyShop/Candy.cpp; sourceTree = SOURCE_ROOT; };
		04519FDB1A365BD80066D9E1 /* Candy.h */ = {isa = PBXFileReference; fileEncoding = 4; lastKnownFileType = sourcecode.c.h; name = Candy.h; path = CandyShop/Candy.h; sourceTree = SOURCE_ROOT; };
		04519FDC1A365BD80066D9E1 /* CandyShop.cpp */ = {isa = PBXFileReference; fileEncoding = 4; lastKnownFileType = sourcecode.cpp.cpp; name = CandyShop.cpp; path = CandyShop/CandyShop.cpp; sourceTree = SOURCE_ROOT; };
		04519FDD1A365BD80066D9E1 /* CandyShop.h */ = {isa = PBXFileReference; fileEncoding = 4; lastKnownFileType = sourcecode.c.h; name = CandyShop.h; path = CandyShop/CandyShop.h; sourceTree = SOURCE_ROOT; };
		04519FDE1A365BD80066D9E1 /* List.h */ = {isa = PBXFileReference; fileEncoding = 4; lastKnownFileType = sourcecode.c.h; name = List.h; path = CandyShop/List.h; sourceTree = SOURCE_ROOT; };
		04519FDF1A365BD80066D9E1 /* main.cpp */ = {isa = PBXFileReference; fileEncoding = 4; lastKnownFileType = sourcecode.cpp.cpp; name = main.cpp; path = CandyShop/main.cpp; sourceTree = SOURCE_ROOT; };
		04519FE01A365BD80066D9E1 /* Node.cpp */ = {isa = PBXFileReference; fileEncoding = 4; lastKnownFileType = sourcecode.cpp.cpp; name = Node.cpp; path = CandyShop/Node.cpp; sourceTree = SOURCE_ROOT; };
		04519FE11A365BD80066D9E1 /* Node.h */ = {isa = PBXFileReference; fileEncoding = 4; lastKnownFileType = sourcecode.c.h; name = Node.h; path = CandyShop/Node.h; sourceTree = SOURCE_ROOT; };
		04519FE21A365BD80066D9E1 /* ReadMe.txt */ = {isa = PBXFileReference; fileEncoding = 4; lastKnownFileType = text; name = ReadMe.txt; path = CandyShop/ReadMe.txt; sourceTree = SOURCE_ROOT; };
		04519FE31A365BD80066D9E1 /* Person.h */ = {isa = PBXFileReference; fileEncoding = 4; lastKnownFileType = sourcecode.c.h; name = Person.h; path = CandyShop/Person.h; sourceTree = SOURCE_ROOT; };
		04519FE41A365BD80066D9E1 /* Queue.cpp */ = {isa = PBXFileReference; fileEncoding = 4; lastKnownFileType = sourcecode.cpp.cpp; name = Queue.cpp; path = CandyShop/Queue.cpp; sourceTree = SOURCE_ROOT; };
		04519FE51A365BD80066D9E1 /* Queue.h */ = {isa = PBXFileReference; fileEncoding = 4; lastKnownFileType = sourcecode.c.h; name = Queue.h; path = CandyShop/Queue.h; sourceTree = SOURCE_ROOT; };
/* End PBXFileReference section */

/* Begin PBXFrameworksBuildPhase section */
		044769181A36562E0036C95A /* Frameworks */ = {
			isa = PBXFrameworksBuildPhase;
			buildActionMask = 2147483647;
			files = (
			);
			runOnlyForDeploymentPostprocessing = 0;
		};
/* End PBXFrameworksBuildPhase section */

/* Begin PBXGroup section */
		044769121A36562E0036C95A = {
			isa = PBXGroup;
			children = (
				0447691D1A36562E0036C95A /* CandyShop */,
				0447691C1A36562E0036C95A /* Products */,
			);
			sourceTree = "<group>";
		};
		0447691C1A36562E0036C95A /* Products */ = {
			isa = PBXGroup;
			children = (
				0447691B1A36562E0036C95A /* candyShopFinal */,
			);
			name = Products;
			sourceTree = "<group>";
		};
		0447691D1A36562E0036C95A /* CandyShop */ = {
			isa = PBXGroup;
			children = (
				04519FD81A365BD80066D9E1 /* ArrayList.cpp */,
				04519FD91A365BD80066D9E1 /* ArrayList.h */,
				04519FDA1A365BD80066D9E1 /* Candy.cpp */,
				04519FDB1A365BD80066D9E1 /* Candy.h */,
				04519FDC1A365BD80066D9E1 /* CandyShop.cpp */,
				04519FDD1A365BD80066D9E1 /* CandyShop.h */,
				04519FDE1A365BD80066D9E1 /* List.h */,
				04519FDF1A365BD80066D9E1 /* main.cpp */,
				04519FE01A365BD80066D9E1 /* Node.cpp */,
				04519FE11A365BD80066D9E1 /* Node.h */,
				04519FE21A365BD80066D9E1 /* ReadMe.txt */,
				04519FE31A365BD80066D9E1 /* Person.h */,
				04519FE41A365BD80066D9E1 /* Queue.cpp */,
				04519FE51A365BD80066D9E1 /* Queue.h */,
			);
			name = CandyShop;
			path = candyShopFinal;
			sourceTree = "<group>";
		};
/* End PBXGroup section */

/* Begin PBXNativeTarget section */
		0447691A1A36562E0036C95A /* candyShopFinal */ = {
			isa = PBXNativeTarget;
			buildConfigurationList = 044769221A36562E0036C95A /* Build configuration list for PBXNativeTarget "candyShopFinal" */;
			buildPhases = (
				044769171A36562E0036C95A /* Sources */,
				044769181A36562E0036C95A /* Frameworks */,
				044769191A36562E0036C95A /* CopyFiles */,
			);
			buildRules = (
			);
			dependencies = (
			);
			name = candyShopFinal;
			productName = candyShopFinal;
			productReference = 0447691B1A36562E0036C95A /* candyShopFinal */;
			productType = "com.apple.product-type.tool";
		};
/* End PBXNativeTarget section */

/* Begin PBXProject section */
		044769131A36562E0036C95A /* Project object */ = {
			isa = PBXProject;
			attributes = {
				LastUpgradeCheck = 0610;
				ORGANIZATIONNAME = "S Cohen";
				TargetAttributes = {
					0447691A1A36562E0036C95A = {
						CreatedOnToolsVersion = 6.1.1;
					};
				};
			};
			buildConfigurationList = 044769161A36562E0036C95A /* Build configuration list for PBXProject "candyShopFinal" */;
			compatibilityVersion = "Xcode 3.2";
			developmentRegion = English;
			hasScannedForEncodings = 0;
			knownRegions = (
				en,
			);
			mainGroup = 044769121A36562E0036C95A;
			productRefGroup = 0447691C1A36562E0036C95A /* Products */;
			projectDirPath = "";
			projectRoot = "";
			targets = (
				0447691A1A36562E0036C95A /* candyShopFinal */,
			);
		};
/* End PBXProject section */

/* Begin PBXSourcesBuildPhase section */
		044769171A36562E0036C95A /* Sources */ = {
			isa = PBXSourcesBuildPhase;
			buildActionMask = 2147483647;
			files = (
				04519FE71A365BD80066D9E1 /* Candy.cpp in Sources */,
				04519FE81A365BD80066D9E1 /* CandyShop.cpp in Sources */,
				04519FEB1A365BD80066D9E1 /* Queue.cpp in Sources */,
				04519FEA1A365BD80066D9E1 /* Node.cpp in Sources */,
				04519FE61A365BD80066D9E1 /* ArrayList.cpp in Sources */,
				04519FE91A365BD80066D9E1 /* main.cpp in Sources */,
			);
			runOnlyForDeploymentPostprocessing = 0;
		};
/* End PBXSourcesBuildPhase section */

/* Begin XCBuildConfiguration section */
		044769201A36562E0036C95A /* Debug */ = {
			isa = XCBuildConfiguration;
			buildSettings = {
				ALWAYS_SEARCH_USER_PATHS = NO;
				CLANG_CXX_LANGUAGE_STANDARD = "gnu++0x";
				CLANG_CXX_LIBRARY = "libc++";
				CLANG_ENABLE_MODULES = YES;
				CLANG_ENABLE_OBJC_ARC = YES;
				CLANG_WARN_BOOL_CONVERSION = YES;
				CLANG_WARN_CONSTANT_CONVERSION = YES;
				CLANG_WARN_DIRECT_OBJC_ISA_USAGE = YES_ERROR;
				CLANG_WARN_EMPTY_BODY = YES;
				CLANG_WARN_ENUM_CONVERSION = YES;
				CLANG_WARN_INT_CONVERSION = YES;
				CLANG_WARN_OBJC_ROOT_CLASS = YES_ERROR;
				CLANG_WARN_UNREACHABLE_CODE = YES;
				CLANG_WARN__DUPLICATE_METHOD_MATCH = YES;
				COPY_PHASE_STRIP = NO;
				ENABLE_STRICT_OBJC_MSGSEND = YES;
				GCC_C_LANGUAGE_STANDARD = gnu99;
				GCC_DYNAMIC_NO_PIC = NO;
				GCC_OPTIMIZATION_LEVEL = 0;
				GCC_PREPROCESSOR_DEFINITIONS = (
					"DEBUG=1",
					"$(inherited)",
				);
				GCC_SYMBOLS_PRIVATE_EXTERN = NO;
				GCC_WARN_64_TO_32_BIT_CONVERSION = YES;
				GCC_WARN_ABOUT_RETURN_TYPE = YES_ERROR;
				GCC_WARN_UNDECLARED_SELECTOR = YES;
				GCC_WARN_UNINITIALIZED_AUTOS = YES_AGGRESSIVE;
				GCC_WARN_UNUSED_FUNCTION = YES;
				GCC_WARN_UNUSED_VARIABLE = YES;
				MACOSX_DEPLOYMENT_TARGET = 10.10;
				MTL_ENABLE_DEBUG_INFO = YES;
				ONLY_ACTIVE_ARCH = YES;
				SDKROOT = macosx;
			};
			name = Debug;
		};
		044769211A36562E0036C95A /* Release */ = {
			isa = XCBuildConfiguration;
			buildSettings = {
				ALWAYS_SEARCH_USER_PATHS = NO;
				CLANG_CXX_LANGUAGE_STANDARD = "gnu++0x";
				CLANG_CXX_LIBRARY = "libc++";
				CLANG_ENABLE_MODULES = YES;
				CLANG_ENABLE_OBJC_ARC = YES;
				CLANG_WARN_BOOL_CONVERSION = YES;
				CLANG_WARN_CONSTANT_CONVERSION = YES;
				CLANG_WARN_DIRECT_OBJC_ISA_USAGE = YES_ERROR;
				CLANG_WARN_EMPTY_BODY = YES;
				CLANG_WARN_ENUM_CONVERSION = YES;
				CLANG_WARN_INT_CONVERSION = YES;
				CLANG_WARN_OBJC_ROOT_CLASS = YES_ERROR;
				CLANG_WARN_UNREACHABLE_CODE = YES;
				CLANG_WARN__DUPLICATE_METHOD_MATCH = YES;
				COPY_PHASE_STRIP = YES;
				DEBUG_INFORMATION_FORMAT = "dwarf-with-dsym";
				ENABLE_NS_ASSERTIONS = NO;
				ENABLE_STRICT_OBJC_MSGSEND = YES;
				GCC_C_LANGUAGE_STANDARD = gnu99;
				GCC_WARN_64_TO_32_BIT_CONVERSION = YES;
				GCC_WARN_ABOUT_RETURN_TYPE = YES_ERROR;
				GCC_WARN_UNDECLARED_SELECTOR = YES;
				GCC_WARN_UNINITIALIZED_AUTOS = YES_AGGRESSIVE;
				GCC_WARN_UNUSED_FUNCTION = YES;
				GCC_WARN_UNUSED_VARIABLE = YES;
				MACOSX_DEPLOYMENT_TARGET = 10.10;
				MTL_ENABLE_DEBUG_INFO = NO;
				SDKROOT = macosx;
			};
			name = Release;
		};
		044769231A36562E0036C95A /* Debug */ = {
			isa = XCBuildConfiguration;
			buildSettings = {
				PRODUCT_NAME = "$(TARGET_NAME)";
			};
			name = Debug;
		};
		044769241A36562E0036C95A /* Release */ = {
			isa = XCBuildConfiguration;
			buildSettings = {
				PRODUCT_NAME = "$(TARGET_NAME)";
			};
			name = Release;
		};
/* End XCBuildConfiguration section */

/* Begin XCConfigurationList section */
		044769161A36562E0036C95A /* Build configuration list for PBXProject "candyShopFinal" */ = {
			isa = XCConfigurationList;
			buildConfigurations = (
				044769201A36562E0036C95A /* Debug */,
				044769211A36562E0036C95A /* Release */,
			);
			defaultConfigurationIsVisible = 0;
			defaultConfigurationName = Release;
		};
		044769221A36562E0036C95A /* Build configuration list for PBXNativeTarget "candyShopFinal" */ = {
			isa = XCConfigurationList;
			buildConfigurations = (
				044769231A36562E0036C95A /* Debug */,
				044769241A36562E0036C95A /* Release */,
			);
			defaultConfigurationIsVisible = 0;
			defaultConfigurationName = Release;
		};
/* End XCConfigurationList section */
	};
	rootObject = 044769131A36562E0036C95A /* Project object */;
}
