// !$*UTF8*$!
{
	archiveVersion = 1;
	classes = {
	};
	objectVersion = 46;
	objects = {

/* Begin PBXBuildFile section */
		0447692F1A36569E0036C95A /* ArrayList.cpp in Sources */ = {isa = PBXBuildFile; fileRef = 044769251A36569E0036C95A /* ArrayList.cpp */; };
		044769301A36569E0036C95A /* Candy.cpp in Sources */ = {isa = PBXBuildFile; fileRef = 044769271A36569E0036C95A /* Candy.cpp */; };
		044769311A36569E0036C95A /* CandyShop.cpp in Sources */ = {isa = PBXBuildFile; fileRef = 044769291A36569E0036C95A /* CandyShop.cpp */; };
		044769321A36569E0036C95A /* main.cpp in Sources */ = {isa = PBXBuildFile; fileRef = 0447692A1A36569E0036C95A /* main.cpp */; };
		044769331A36569E0036C95A /* Node.cpp in Sources */ = {isa = PBXBuildFile; fileRef = 0447692D1A36569E0036C95A /* Node.cpp */; };
		047CEBAE1A36571E000BAE9B /* Queue.cpp in Sources */ = {isa = PBXBuildFile; fileRef = 047CEBAC1A36571E000BAE9B /* Queue.cpp */; };
/* End PBXBuildFile section */

/* Begin PBXCopyFilesBuildPhase section */
		044769191A36562E0036C95A /* CopyFiles */ = {
			isa = PBXCopyFilesBuildPhase;
			buildActionMask = 2147483647;
			dstPath = /usr/share/man/man1/;
			dstSubfolderSpec = 0;
			files = (
			);
			runOnlyForDeploymentPostprocessing = 1;
		};
/* End PBXCopyFilesBuildPhase section */

/* Begin PBXFileReference section */
		0447691B1A36562E0036C95A /* candyShopFinal */ = {isa = PBXFileReference; explicitFileType = "compiled.mach-o.executable"; includeInIndex = 0; path = candyShopFinal; sourceTree = BUILT_PRODUCTS_DIR; };
		044769251A36569E0036C95A /* ArrayList.cpp */ = {isa = PBXFileReference; fileEncoding = 4; lastKnownFileType = sourcecode.cpp.cpp; path = ArrayList.cpp; sourceTree = "<group>"; };
		044769261A36569E0036C95A /* ArrayList.h */ = {isa = PBXFileReference; fileEncoding = 4; lastKnownFileType = sourcecode.c.h; path = ArrayList.h; sourceTree = "<group>"; };
		044769271A36569E0036C95A /* Candy.cpp */ = {isa = PBXFileReference; fileEncoding = 4; lastKnownFileType = sourcecode.cpp.cpp; path = Candy.cpp; sourceTree = "<group>"; };
		044769281A36569E0036C95A /* Candy.h */ = {isa = PBXFileReference; fileEncoding = 4; lastKnownFileType = sourcecode.c.h; path = Candy.h; sourceTree = "<group>"; };
		044769291A36569E0036C95A /* CandyShop.cpp */ = {isa = PBXFileReference; fileEncoding = 4; lastKnownFileType = sourcecode.cpp.cpp; path = CandyShop.cpp; sourceTree = "<group>"; };
		0447692A1A36569E0036C95A /* main.cpp */ = {isa = PBXFileReference; fileEncoding = 4; lastKnownFileType = sourcecode.cpp.cpp; path = main.cpp; sourceTree = "<group>"; };
		0447692B1A36569E0036C95A /* CandyShop.h */ = {isa = PBXFileReference; fileEncoding = 4; lastKnownFileType = sourcecode.c.h; path = CandyShop.h; sourceTree = "<group>"; };
		0447692C1A36569E0036C95A /* List.h */ = {isa = PBXFileReference; fileEncoding = 4; lastKnownFileType = sourcecode.c.h; path = List.h; sourceTree = "<group>"; };
		0447692D1A36569E0036C95A /* Node.cpp */ = {isa = PBXFileReference; fileEncoding = 4; lastKnownFileType = sourcecode.cpp.cpp; path = Node.cpp; sourceTree = "<group>"; };
		0447692E1A36569E0036C95A /* ReadMe.txt */ = {isa = PBXFileReference; fileEncoding = 4; lastKnownFileType = text; path = ReadMe.txt; sourceTree = "<group>"; };
		047CEBAA1A36571E000BAE9B /* Node.h */ = {isa = PBXFileReference; fileEncoding = 4; lastKnownFileType = sourcecode.c.h; path = Node.h; sourceTree = SOURCE_ROOT; };
		047CEBAB1A36571E000BAE9B /* Person.h */ = {isa = PBXFileReference; fileEncoding = 4; lastKnownFileType = sourcecode.c.h; path = Person.h; sourceTree = SOURCE_ROOT; };
		047CEBAC1A36571E000BAE9B /* Queue.cpp */ = {isa = PBXFileReference; fileEncoding = 4; lastKnownFileType = sourcecode.cpp.cpp; path = Queue.cpp; sourceTree = SOURCE_ROOT; };
		047CEBAD1A36571E000BAE9B /* Queue.h */ = {isa = PBXFileReference; fileEncoding = 4; lastKnownFileType = sourcecode.c.h; path = Queue.h; sourceTree = SOURCE_ROOT; };
/* End PBXFileReference section */

/* Begin PBXFrameworksBuildPhase section */
		044769181A36562E0036C95A /* Frameworks */ = {
			isa = PBXFrameworksBuildPhase;
			buildActionMask = 2147483647;
			files = (
			);
			runOnlyForDeploymentPostprocessing = 0;
		};
/* End PBXFrameworksBuildPhase section */

/* Begin PBXGroup section */
		044769121A36562E0036C95A = {
			isa = PBXGroup;
			children = (
				0447691D1A36562E0036C95A /* candyShopFinal */,
				0447691C1A36562E0036C95A /* Products */,
			);
			sourceTree = "<group>";
		};
		0447691C1A36562E0036C95A /* Products */ = {
			isa = PBXGroup;
			children = (
				0447691B1A36562E0036C95A /* candyShopFinal */,
			);
			name = Products;
			sourceTree = "<group>";
		};
		0447691D1A36562E0036C95A /* candyShopFinal */ = {
			isa = PBXGroup;
			children = (
				047CEBAA1A36571E000BAE9B /* Node.h */,
				047CEBAB1A36571E000BAE9B /* Person.h */,
				047CEBAC1A36571E000BAE9B /* Queue.cpp */,
				047CEBAD1A36571E000BAE9B /* Queue.h */,
				044769251A36569E0036C95A /* ArrayList.cpp */,
				044769261A36569E0036C95A /* ArrayList.h */,
				044769271A36569E0036C95A /* Candy.cpp */,
				044769281A36569E0036C95A /* Candy.h */,
				044769291A36569E0036C95A /* CandyShop.cpp */,
				0447692A1A36569E0036C95A /* main.cpp */,
				0447692B1A36569E0036C95A /* CandyShop.h */,
				0447692C1A36569E0036C95A /* List.h */,
				0447692D1A36569E0036C95A /* Node.cpp */,
				0447692E1A36569E0036C95A /* ReadMe.txt */,
			);
			path = candyShopFinal;
			sourceTree = "<group>";
		};
/* End PBXGroup section */

/* Begin PBXNativeTarget section */
		0447691A1A36562E0036C95A /* candyShopFinal */ = {
			isa = PBXNativeTarget;
			buildConfigurationList = 044769221A36562E0036C95A /* Build configuration list for PBXNativeTarget "candyShopFinal" */;
			buildPhases = (
				044769171A36562E0036C95A /* Sources */,
				044769181A36562E0036C95A /* Frameworks */,
				044769191A36562E0036C95A /* CopyFiles */,
			);
			buildRules = (
			);
			dependencies = (
			);
			name = candyShopFinal;
			productName = candyShopFinal;
			productReference = 0447691B1A36562E0036C95A /* candyShopFinal */;
			productType = "com.apple.product-type.tool";
		};
/* End PBXNativeTarget section */

/* Begin PBXProject section */
		044769131A36562E0036C95A /* Project object */ = {
			isa = PBXProject;
			attributes = {
				LastUpgradeCheck = 0610;
				ORGANIZATIONNAME = "S Cohen";
				TargetAttributes = {
					0447691A1A36562E0036C95A = {
						CreatedOnToolsVersion = 6.1.1;
					};
				};
			};
			buildConfigurationList = 044769161A36562E0036C95A /* Build configuration list for PBXProject "candyShopFinal" */;
			compatibilityVersion = "Xcode 3.2";
			developmentRegion = English;
			hasScannedForEncodings = 0;
			knownRegions = (
				en,
			);
			mainGroup = 044769121A36562E0036C95A;
			productRefGroup = 0447691C1A36562E0036C95A /* Products */;
			projectDirPath = "";
			projectRoot = "";
			targets = (
				0447691A1A36562E0036C95A /* candyShopFinal */,
			);
		};
/* End PBXProject section */

/* Begin PBXSourcesBuildPhase section */
		044769171A36562E0036C95A /* Sources */ = {
			isa = PBXSourcesBuildPhase;
			buildActionMask = 2147483647;
			files = (
				0447692F1A36569E0036C95A /* ArrayList.cpp in Sources */,
				044769301A36569E0036C95A /* Candy.cpp in Sources */,
				044769321A36569E0036C95A /* main.cpp in Sources */,
				047CEBAE1A36571E000BAE9B /* Queue.cpp in Sources */,
				044769311A36569E0036C95A /* CandyShop.cpp in Sources */,
				044769331A36569E0036C95A /* Node.cpp in Sources */,
			);
			runOnlyForDeploymentPostprocessing = 0;
		};
/* End PBXSourcesBuildPhase section */

/* Begin XCBuildConfiguration section */
		044769201A36562E0036C95A /* Debug */ = {
			isa = XCBuildConfiguration;
			buildSettings = {
				ALWAYS_SEARCH_USER_PATHS = NO;
				CLANG_CXX_LANGUAGE_STANDARD = "gnu++0x";
				CLANG_CXX_LIBRARY = "libc++";
				CLANG_ENABLE_MODULES = YES;
				CLANG_ENABLE_OBJC_ARC = YES;
				CLANG_WARN_BOOL_CONVERSION = YES;
				CLANG_WARN_CONSTANT_CONVERSION = YES;
				CLANG_WARN_DIRECT_OBJC_ISA_USAGE = YES_ERROR;
				CLANG_WARN_EMPTY_BODY = YES;
				CLANG_WARN_ENUM_CONVERSION = YES;
				CLANG_WARN_INT_CONVERSION = YES;
				CLANG_WARN_OBJC_ROOT_CLASS = YES_ERROR;
				CLANG_WARN_UNREACHABLE_CODE = YES;
				CLANG_WARN__DUPLICATE_METHOD_MATCH = YES;
				COPY_PHASE_STRIP = NO;
				ENABLE_STRICT_OBJC_MSGSEND = YES;
				GCC_C_LANGUAGE_STANDARD = gnu99;
				GCC_DYNAMIC_NO_PIC = NO;
				GCC_OPTIMIZATION_LEVEL = 0;
				GCC_PREPROCESSOR_DEFINITIONS = (
					"DEBUG=1",
					"$(inherited)",
				);
				GCC_SYMBOLS_PRIVATE_EXTERN = NO;
				GCC_WARN_64_TO_32_BIT_CONVERSION = YES;
				GCC_WARN_ABOUT_RETURN_TYPE = YES_ERROR;
				GCC_WARN_UNDECLARED_SELECTOR = YES;
				GCC_WARN_UNINITIALIZED_AUTOS = YES_AGGRESSIVE;
				GCC_WARN_UNUSED_FUNCTION = YES;
				GCC_WARN_UNUSED_VARIABLE = YES;
				MACOSX_DEPLOYMENT_TARGET = 10.10;
				MTL_ENABLE_DEBUG_INFO = YES;
				ONLY_ACTIVE_ARCH = YES;
				SDKROOT = macosx;
			};
			name = Debug;
		};
		044769211A36562E0036C95A /* Release */ = {
			isa = XCBuildConfiguration;
			buildSettings = {
				ALWAYS_SEARCH_USER_PATHS = NO;
				CLANG_CXX_LANGUAGE_STANDARD = "gnu++0x";
				CLANG_CXX_LIBRARY = "libc++";
				CLANG_ENABLE_MODULES = YES;
				CLANG_ENABLE_OBJC_ARC = YES;
				CLANG_WARN_BOOL_CONVERSION = YES;
				CLANG_WARN_CONSTANT_CONVERSION = YES;
				CLANG_WARN_DIRECT_OBJC_ISA_USAGE = YES_ERROR;
				CLANG_WARN_EMPTY_BODY = YES;
				CLANG_WARN_ENUM_CONVERSION = YES;
				CLANG_WARN_INT_CONVERSION = YES;
				CLANG_WARN_OBJC_ROOT_CLASS = YES_ERROR;
				CLANG_WARN_UNREACHABLE_CODE = YES;
				CLANG_WARN__DUPLICATE_METHOD_MATCH = YES;
				COPY_PHASE_STRIP = YES;
				DEBUG_INFORMATION_FORMAT = "dwarf-with-dsym";
				ENABLE_NS_ASSERTIONS = NO;
				ENABLE_STRICT_OBJC_MSGSEND = YES;
				GCC_C_LANGUAGE_STANDARD = gnu99;
				GCC_WARN_64_TO_32_BIT_CONVERSION = YES;
				GCC_WARN_ABOUT_RETURN_TYPE = YES_ERROR;
				GCC_WARN_UNDECLARED_SELECTOR = YES;
				GCC_WARN_UNINITIALIZED_AUTOS = YES_AGGRESSIVE;
				GCC_WARN_UNUSED_FUNCTION = YES;
				GCC_WARN_UNUSED_VARIABLE = YES;
				MACOSX_DEPLOYMENT_TARGET = 10.10;
				MTL_ENABLE_DEBUG_INFO = NO;
				SDKROOT = macosx;
			};
			name = Release;
		};
		044769231A36562E0036C95A /* Debug */ = {
			isa = XCBuildConfiguration;
			buildSettings = {
				PRODUCT_NAME = "$(TARGET_NAME)";
			};
			name = Debug;
		};
		044769241A36562E0036C95A /* Release */ = {
			isa = XCBuildConfiguration;
			buildSettings = {
				PRODUCT_NAME = "$(TARGET_NAME)";
			};
			name = Release;
		};
/* End XCBuildConfiguration section */

/* Begin XCConfigurationList section */
		044769161A36562E0036C95A /* Build configuration list for PBXProject "candyShopFinal" */ = {
			isa = XCConfigurationList;
			buildConfigurations = (
				044769201A36562E0036C95A /* Debug */,
				044769211A36562E0036C95A /* Release */,
			);
			defaultConfigurationIsVisible = 0;
			defaultConfigurationName = Release;
		};
		044769221A36562E0036C95A /* Build configuration list for PBXNativeTarget "candyShopFinal" */ = {
			isa = XCConfigurationList;
			buildConfigurations = (
				044769231A36562E0036C95A /* Debug */,
				044769241A36562E0036C95A /* Release */,
			);
			defaultConfigurationIsVisible = 0;
			defaultConfigurationName = Release;
		};
/* End XCConfigurationList section */
	};
	rootObject = 044769131A36562E0036C95A /* Project object */;
}
